
Microsoft Visual Studio Solution File, Format Version 12.00
# Visual Studio Version 17
VisualStudioVersion = 17.9.34728.123
MinimumVisualStudioVersion = 10.0.40219.1
Project("{FAE04EC0-301F-11D3-BF4B-00C04F79EFBC}") = "Customers_WebAPI", "Customers_WebAPI\Customers_WebAPI.csproj", "{C3CE839E-52C2-46B3-8F67-981D1DB5B647}"
EndProject
Global
	GlobalSection(SolutionConfigurationPlatforms) = preSolution
		Debug|Any CPU = Debug|Any CPU
		Release|Any CPU = Release|Any CPU
	EndGlobalSection
	GlobalSection(ProjectConfigurationPlatforms) = postSolution
		{C3CE839E-52C2-46B3-8F67-981D1DB5B647}.Debug|Any CPU.ActiveCfg = Debug|Any CPU
		{C3CE839E-52C2-46B3-8F67-981D1DB5B647}.Debug|Any CPU.Build.0 = Debug|Any CPU
		{C3CE839E-52C2-46B3-8F67-981D1DB5B647}.Release|Any CPU.ActiveCfg = Release|Any CPU
		{C3CE839E-52C2-46B3-8F67-981D1DB5B647}.Release|Any CPU.Build.0 = Release|Any CPU
	EndGlobalSection
	GlobalSection(SolutionProperties) = preSolution
		HideSolutionNode = FALSE
	EndGlobalSection
	GlobalSection(ExtensibilityGlobals) = postSolution
		SolutionGuid = {327849F2-68D7-40CE-B148-EBA52B8EA81B}
	EndGlobalSection
EndGlobal
